{
  "version": 4,
  "terraform_version": "1.16.2",
  "serial": 3,
  "lineage": "c179b6cc-8576-bc32-9f63-fe195d7e6ab3",
  "outputs": {},
  "resources": [
    {
      "mode": "managed",
      "type": "aws_vpc",
      "name": "vpc_prueba",
      "provider": "provider[\"registry.terraform.io/hashicorp/aws\"]",
      "instances": [
        {
          "schema_version": 1,
          "attributes": {
            "arn": "arn:aws:ec2:us-east-1:781824851783:vpc/vpc-0f783c31b3138b24b",
            "assign_generated_ipv6_cidr_block": false,
            "cidr_block": "10.0.0.0/16",
            "default_network_acl_id": "acl-000e4d96a2508b0e0",
            "default_route_table_id": "rtb-0897a79e22e920628",
            "default_security_group_id": "sg-0cb42153478acad52",
            "dhcp_options_id": "dopt-00530b0eff36e24c8",
            "enable_dns_hostnames": false,
            "enable_dns_support": true,
            "enable_network_address_usage_metrics": false,
            "id": "vpc-0f783c31b3138b24b",
            "instance_tenancy": "default",
            "ipv4_ipam_pool_id": null,
            "ipv4_netmask_length": null,
            "ipv6_association_id": "",
            "ipv6_cidr_block": "",
            "ipv6_cidr_block_network_border_group": "",
            "ipv6_ipam_pool_id": "",
            "ipv6_netmask_length": 0,
            "main_route_table_id": "rtb-0897a79e22e920628",
            "owner_id": "781824851783",
            "region": "us-east-1",
            "tags": {
              "Name": "devops-vpc-prueba"
            },
            "tags_all": {
              "Name": "devops-vpc-prueba"
            }
          },
          "sensitive_attributes": [],
          "identity_schema_version": 0,
          "identity": {
            "account_id": "781824851783",
            "id": "vpc-0f783c31b3138b24b",
            "region": "us-east-1"
          },
          "private": "eyJzY2hlbWFfdmVyc2lvbiI6IjEifQ=="
        }
      ]
    }
  ],
  "check_results": null
}
